
Microsoft Visual Studio Solution File, Format Version 11.00
# Visual Studio 2010
Project("{FAE04EC0-301F-11D3-BF4B-00C04F79EFBC}") = "EduEva", "EduEva\EduEva.csproj", "{DB2E4236-E129-4EA2-950F-AC04F2D44FBE}"
EndProject
Project("{FAE04EC0-301F-11D3-BF4B-00C04F79EFBC}") = "TestAge", "TestAge\TestAge.csproj", "{563716F9-F14A-4B85-BFE2-1F6ECEF2BC36}"
EndProject
Project("{2150E333-8FDC-42A3-9474-1A3956D46DE8}") = "Solution Items", "Solution Items", "{71D301E9-0532-459C-B63E-C005C53F4247}"
	ProjectSection(SolutionItems) = preProject
		EduEva.vsmdi = EduEva.vsmdi
		Local.testsettings = Local.testsettings
		TraceAndTestImpact.testsettings = TraceAndTestImpact.testsettings
	EndProjectSection
EndProject
Global
	GlobalSection(TestCaseManagementSettings) = postSolution
		CategoryFile = EduEva.vsmdi
	EndGlobalSection
	GlobalSection(SolutionConfigurationPlatforms) = preSolution
		Debug|Any CPU = Debug|Any CPU
		Debug|Mixed Platforms = Debug|Mixed Platforms
		Debug|x86 = Debug|x86
		Release|Any CPU = Release|Any CPU
		Release|Mixed Platforms = Release|Mixed Platforms
		Release|x86 = Release|x86
	EndGlobalSection
	GlobalSection(ProjectConfigurationPlatforms) = postSolution
		{DB2E4236-E129-4EA2-950F-AC04F2D44FBE}.Debug|Any CPU.ActiveCfg = Debug|x86
		{DB2E4236-E129-4EA2-950F-AC04F2D44FBE}.Debug|Mixed Platforms.ActiveCfg = Debug|x86
		{DB2E4236-E129-4EA2-950F-AC04F2D44FBE}.Debug|Mixed Platforms.Build.0 = Debug|x86
		{DB2E4236-E129-4EA2-950F-AC04F2D44FBE}.Debug|x86.ActiveCfg = Debug|x86
		{DB2E4236-E129-4EA2-950F-AC04F2D44FBE}.Debug|x86.Build.0 = Debug|x86
		{DB2E4236-E129-4EA2-950F-AC04F2D44FBE}.Release|Any CPU.ActiveCfg = Release|x86
		{DB2E4236-E129-4EA2-950F-AC04F2D44FBE}.Release|Mixed Platforms.ActiveCfg = Release|x86
		{DB2E4236-E129-4EA2-950F-AC04F2D44FBE}.Release|Mixed Platforms.Build.0 = Release|x86
		{DB2E4236-E129-4EA2-950F-AC04F2D44FBE}.Release|x86.ActiveCfg = Release|x86
		{DB2E4236-E129-4EA2-950F-AC04F2D44FBE}.Release|x86.Build.0 = Release|x86
		{563716F9-F14A-4B85-BFE2-1F6ECEF2BC36}.Debug|Any CPU.ActiveCfg = Debug|Any CPU
		{563716F9-F14A-4B85-BFE2-1F6ECEF2BC36}.Debug|Any CPU.Build.0 = Debug|Any CPU
		{563716F9-F14A-4B85-BFE2-1F6ECEF2BC36}.Debug|Mixed Platforms.ActiveCfg = Debug|Any CPU
		{563716F9-F14A-4B85-BFE2-1F6ECEF2BC36}.Debug|Mixed Platforms.Build.0 = Debug|Any CPU
		{563716F9-F14A-4B85-BFE2-1F6ECEF2BC36}.Debug|x86.ActiveCfg = Debug|Any CPU
		{563716F9-F14A-4B85-BFE2-1F6ECEF2BC36}.Release|Any CPU.ActiveCfg = Release|Any CPU
		{563716F9-F14A-4B85-BFE2-1F6ECEF2BC36}.Release|Any CPU.Build.0 = Release|Any CPU
		{563716F9-F14A-4B85-BFE2-1F6ECEF2BC36}.Release|Mixed Platforms.ActiveCfg = Release|Any CPU
		{563716F9-F14A-4B85-BFE2-1F6ECEF2BC36}.Release|Mixed Platforms.Build.0 = Release|Any CPU
		{563716F9-F14A-4B85-BFE2-1F6ECEF2BC36}.Release|x86.ActiveCfg = Release|Any CPU
	EndGlobalSection
	GlobalSection(SolutionProperties) = preSolution
		HideSolutionNode = FALSE
	EndGlobalSection
EndGlobal
